// !$*UTF8*$!
{
	archiveVersion = 1;
	classes = {
	};
	objectVersion = 52;
	objects = {

/* Begin PBXBuildFile section */
		541CAA74235E39C40040BC95 /* CavitySearch.mlmodel in Sources */ = {isa = PBXBuildFile; fileRef = 541CAA73235E39C40040BC95 /* CavitySearch.mlmodel */; };
		541CAA762363AA540040BC95 /* Cavisearch2.mlmodel in Sources */ = {isa = PBXBuildFile; fileRef = 541CAA752363AA540040BC95 /* Cavisearch2.mlmodel */; };
		5426AF7F236C65EE00044FD8 /* Constants.swift in Sources */ = {isa = PBXBuildFile; fileRef = 5426AF7E236C65EE00044FD8 /* Constants.swift */; };
		5446757F2379953100C26A34 /* ChooseViewController.swift in Sources */ = {isa = PBXBuildFile; fileRef = 5446757E2379953100C26A34 /* ChooseViewController.swift */; };
		54467581237995A300C26A34 /* ResultsViewController.swift in Sources */ = {isa = PBXBuildFile; fileRef = 54467580237995A300C26A34 /* ResultsViewController.swift */; };
		54467588237DBE0F00C26A34 /* ViewController3.swift in Sources */ = {isa = PBXBuildFile; fileRef = 54467587237DBE0F00C26A34 /* ViewController3.swift */; };
		5446758A238C3E8500C26A34 /* ViewController4.swift in Sources */ = {isa = PBXBuildFile; fileRef = 54467589238C3E8000C26A34 /* ViewController4.swift */; };
		549CAE692354CA1100AC9DA7 /* MyImageClassifier 1.mlmodel in Sources */ = {isa = PBXBuildFile; fileRef = 549CAE682354CA1100AC9DA7 /* MyImageClassifier 1.mlmodel */; };
		549CAE6B235530DD00AC9DA7 /* HomeViewController.swift in Sources */ = {isa = PBXBuildFile; fileRef = 549CAE6A235530DD00AC9DA7 /* HomeViewController.swift */; };
		54FE5097234ACDF40014CB57 /* AppDelegate.swift in Sources */ = {isa = PBXBuildFile; fileRef = 54FE5096234ACDF40014CB57 /* AppDelegate.swift */; };
		54FE5099234ACDF40014CB57 /* SceneDelegate.swift in Sources */ = {isa = PBXBuildFile; fileRef = 54FE5098234ACDF40014CB57 /* SceneDelegate.swift */; };
		54FE509B234ACDF40014CB57 /* ViewController.swift in Sources */ = {isa = PBXBuildFile; fileRef = 54FE509A234ACDF40014CB57 /* ViewController.swift */; };
		54FE509E234ACDF40014CB57 /* Main.storyboard in Resources */ = {isa = PBXBuildFile; fileRef = 54FE509C234ACDF40014CB57 /* Main.storyboard */; };
		54FE50A0234ACDF60014CB57 /* Assets.xcassets in Resources */ = {isa = PBXBuildFile; fileRef = 54FE509F234ACDF60014CB57 /* Assets.xcassets */; };
		54FE50A3234ACDF60014CB57 /* LaunchScreen.storyboard in Resources */ = {isa = PBXBuildFile; fileRef = 54FE50A1234ACDF60014CB57 /* LaunchScreen.storyboard */; };
/* End PBXBuildFile section */

/* Begin PBXFileReference section */
		541CAA73235E39C40040BC95 /* CavitySearch.mlmodel */ = {isa = PBXFileReference; lastKnownFileType = file.mlmodel; path = CavitySearch.mlmodel; sourceTree = "<group>"; };
		541CAA752363AA540040BC95 /* Cavisearch2.mlmodel */ = {isa = PBXFileReference; lastKnownFileType = file.mlmodel; path = Cavisearch2.mlmodel; sourceTree = "<group>"; };
		5426AF7E236C65EE00044FD8 /* Constants.swift */ = {isa = PBXFileReference; lastKnownFileType = sourcecode.swift; path = Constants.swift; sourceTree = "<group>"; };
		5446757E2379953100C26A34 /* ChooseViewController.swift */ = {isa = PBXFileReference; lastKnownFileType = sourcecode.swift; path = ChooseViewController.swift; sourceTree = "<group>"; };
		54467580237995A300C26A34 /* ResultsViewController.swift */ = {isa = PBXFileReference; lastKnownFileType = sourcecode.swift; path = ResultsViewController.swift; sourceTree = "<group>"; };
		54467587237DBE0F00C26A34 /* ViewController3.swift */ = {isa = PBXFileReference; lastKnownFileType = sourcecode.swift; path = ViewController3.swift; sourceTree = "<group>"; };
		54467589238C3E8000C26A34 /* ViewController4.swift */ = {isa = PBXFileReference; lastKnownFileType = sourcecode.swift; path = ViewController4.swift; sourceTree = "<group>"; };
		549CAE682354CA1100AC9DA7 /* MyImageClassifier 1.mlmodel */ = {isa = PBXFileReference; lastKnownFileType = file.mlmodel; path = "MyImageClassifier 1.mlmodel"; sourceTree = "<group>"; };
		549CAE6A235530DD00AC9DA7 /* HomeViewController.swift */ = {isa = PBXFileReference; lastKnownFileType = sourcecode.swift; path = HomeViewController.swift; sourceTree = "<group>"; };
		54FE5093234ACDF40014CB57 /* caviSearch.app */ = {isa = PBXFileReference; explicitFileType = wrapper.application; includeInIndex = 0; path = caviSearch.app; sourceTree = BUILT_PRODUCTS_DIR; };
		54FE5096234ACDF40014CB57 /* AppDelegate.swift */ = {isa = PBXFileReference; lastKnownFileType = sourcecode.swift; path = AppDelegate.swift; sourceTree = "<group>"; };
		54FE5098234ACDF40014CB57 /* SceneDelegate.swift */ = {isa = PBXFileReference; lastKnownFileType = sourcecode.swift; path = SceneDelegate.swift; sourceTree = "<group>"; };
		54FE509A234ACDF40014CB57 /* ViewController.swift */ = {isa = PBXFileReference; lastKnownFileType = sourcecode.swift; path = ViewController.swift; sourceTree = "<group>"; };
		54FE509D234ACDF40014CB57 /* Base */ = {isa = PBXFileReference; lastKnownFileType = file.storyboard; name = Base; path = Base.lproj/Main.storyboard; sourceTree = "<group>"; };
		54FE509F234ACDF60014CB57 /* Assets.xcassets */ = {isa = PBXFileReference; lastKnownFileType = folder.assetcatalog; path = Assets.xcassets; sourceTree = "<group>"; };
		54FE50A2234ACDF60014CB57 /* Base */ = {isa = PBXFileReference; lastKnownFileType = file.storyboard; name = Base; path = Base.lproj/LaunchScreen.storyboard; sourceTree = "<group>"; };
		54FE50A4234ACDF70014CB57 /* Info.plist */ = {isa = PBXFileReference; lastKnownFileType = text.plist.xml; path = Info.plist; sourceTree = "<group>"; };
/* End PBXFileReference section */

/* Begin PBXFrameworksBuildPhase section */
		54FE5090234ACDF40014CB57 /* Frameworks */ = {
			isa = PBXFrameworksBuildPhase;
			buildActionMask = 2147483647;
			files = (
			);
			runOnlyForDeploymentPostprocessing = 0;
		};
/* End PBXFrameworksBuildPhase section */

/* Begin PBXGroup section */
		54FE508A234ACDF40014CB57 = {
			isa = PBXGroup;
			children = (
				54FE5095234ACDF40014CB57 /* Cavisearch */,
				54FE5094234ACDF40014CB57 /* Products */,
			);
			sourceTree = "<group>";
		};
		54FE5094234ACDF40014CB57 /* Products */ = {
			isa = PBXGroup;
			children = (
				54FE5093234ACDF40014CB57 /* caviSearch.app */,
			);
			name = Products;
			sourceTree = "<group>";
		};
		54FE5095234ACDF40014CB57 /* Cavisearch */ = {
			isa = PBXGroup;
			children = (
				549CAE682354CA1100AC9DA7 /* MyImageClassifier 1.mlmodel */,
				541CAA752363AA540040BC95 /* Cavisearch2.mlmodel */,
				541CAA73235E39C40040BC95 /* CavitySearch.mlmodel */,
				54FE5096234ACDF40014CB57 /* AppDelegate.swift */,
				549CAE6A235530DD00AC9DA7 /* HomeViewController.swift */,
				54FE5098234ACDF40014CB57 /* SceneDelegate.swift */,
				5446757E2379953100C26A34 /* ChooseViewController.swift */,
				54FE509A234ACDF40014CB57 /* ViewController.swift */,
				5426AF7E236C65EE00044FD8 /* Constants.swift */,
				54FE509C234ACDF40014CB57 /* Main.storyboard */,
				54FE509F234ACDF60014CB57 /* Assets.xcassets */,
				54FE50A1234ACDF60014CB57 /* LaunchScreen.storyboard */,
				54FE50A4234ACDF70014CB57 /* Info.plist */,
				54467580237995A300C26A34 /* ResultsViewController.swift */,
				54467587237DBE0F00C26A34 /* ViewController3.swift */,
				54467589238C3E8000C26A34 /* ViewController4.swift */,
			);
			path = Cavisearch;
			sourceTree = "<group>";
		};
/* End PBXGroup section */

/* Begin PBXNativeTarget section */
		54FE5092234ACDF40014CB57 /* Cavisearch */ = {
			isa = PBXNativeTarget;
			buildConfigurationList = 54FE50A7234ACDF70014CB57 /* Build configuration list for PBXNativeTarget "Cavisearch" */;
			buildPhases = (
				54FE508F234ACDF40014CB57 /* Sources */,
				54FE5090234ACDF40014CB57 /* Frameworks */,
				54FE5091234ACDF40014CB57 /* Resources */,
			);
			buildRules = (
			);
			dependencies = (
			);
			name = Cavisearch;
			productName = Cavisearch;
			productReference = 54FE5093234ACDF40014CB57 /* caviSearch.app */;
			productType = "com.apple.product-type.application";
		};
/* End PBXNativeTarget section */

/* Begin PBXProject section */
		54FE508B234ACDF40014CB57 /* Project object */ = {
			isa = PBXProject;
			attributes = {
				LastSwiftUpdateCheck = 1100;
				LastUpgradeCheck = 1100;
				ORGANIZATIONNAME = "Geovani Oneal";
				TargetAttributes = {
					54FE5092234ACDF40014CB57 = {
						CreatedOnToolsVersion = 11.0;
					};
				};
			};
			buildConfigurationList = 54FE508E234ACDF40014CB57 /* Build configuration list for PBXProject "Cavisearch" */;
			compatibilityVersion = "Xcode 11.0";
			developmentRegion = en;
			hasScannedForEncodings = 0;
			knownRegions = (
				en,
				Base,
			);
			mainGroup = 54FE508A234ACDF40014CB57;
			productRefGroup = 54FE5094234ACDF40014CB57 /* Products */;
			projectDirPath = "";
			projectRoot = "";
			targets = (
				54FE5092234ACDF40014CB57 /* Cavisearch */,
			);
		};
/* End PBXProject section */

/* Begin PBXResourcesBuildPhase section */
		54FE5091234ACDF40014CB57 /* Resources */ = {
			isa = PBXResourcesBuildPhase;
			buildActionMask = 2147483647;
			files = (
				54FE50A3234ACDF60014CB57 /* LaunchScreen.storyboard in Resources */,
				54FE50A0234ACDF60014CB57 /* Assets.xcassets in Resources */,
				54FE509E234ACDF40014CB57 /* Main.storyboard in Resources */,
			);
			runOnlyForDeploymentPostprocessing = 0;
		};
/* End PBXResourcesBuildPhase section */

/* Begin PBXSourcesBuildPhase section */
		54FE508F234ACDF40014CB57 /* Sources */ = {
			isa = PBXSourcesBuildPhase;
			buildActionMask = 2147483647;
			files = (
				549CAE6B235530DD00AC9DA7 /* HomeViewController.swift in Sources */,
				54FE509B234ACDF40014CB57 /* ViewController.swift in Sources */,
				54467588237DBE0F00C26A34 /* ViewController3.swift in Sources */,
				5446757F2379953100C26A34 /* ChooseViewController.swift in Sources */,
				54467581237995A300C26A34 /* ResultsViewController.swift in Sources */,
				54FE5097234ACDF40014CB57 /* AppDelegate.swift in Sources */,
				549CAE692354CA1100AC9DA7 /* MyImageClassifier 1.mlmodel in Sources */,
				541CAA74235E39C40040BC95 /* CavitySearch.mlmodel in Sources */,
				54FE5099234ACDF40014CB57 /* SceneDelegate.swift in Sources */,
				541CAA762363AA540040BC95 /* Cavisearch2.mlmodel in Sources */,
				5446758A238C3E8500C26A34 /* ViewController4.swift in Sources */,
				5426AF7F236C65EE00044FD8 /* Constants.swift in Sources */,
			);
			runOnlyForDeploymentPostprocessing = 0;
		};
/* End PBXSourcesBuildPhase section */

/* Begin PBXVariantGroup section */
		54FE509C234ACDF40014CB57 /* Main.storyboard */ = {
			isa = PBXVariantGroup;
			children = (
				54FE509D234ACDF40014CB57 /* Base */,
			);
			name = Main.storyboard;
			sourceTree = "<group>";
		};
		54FE50A1234ACDF60014CB57 /* LaunchScreen.storyboard */ = {
			isa = PBXVariantGroup;
			children = (
				54FE50A2234ACDF60014CB57 /* Base */,
			);
			name = LaunchScreen.storyboard;
			sourceTree = "<group>";
		};
/* End PBXVariantGroup section */

/* Begin XCBuildConfiguration section */
		54FE50A5234ACDF70014CB57 /* Debug */ = {
			isa = XCBuildConfiguration;
			buildSettings = {
				ALWAYS_SEARCH_USER_PATHS = NO;
				CLANG_ANALYZER_NONNULL = YES;
				CLANG_ANALYZER_NUMBER_OBJECT_CONVERSION = YES_AGGRESSIVE;
				CLANG_CXX_LANGUAGE_STANDARD = "gnu++14";
				CLANG_CXX_LIBRARY = "libc++";
				CLANG_ENABLE_MODULES = YES;
				CLANG_ENABLE_OBJC_ARC = YES;
				CLANG_ENABLE_OBJC_WEAK = YES;
				CLANG_WARN_BLOCK_CAPTURE_AUTORELEASING = YES;
				CLANG_WARN_BOOL_CONVERSION = YES;
				CLANG_WARN_COMMA = YES;
				CLANG_WARN_CONSTANT_CONVERSION = YES;
				CLANG_WARN_DEPRECATED_OBJC_IMPLEMENTATIONS = YES;
				CLANG_WARN_DIRECT_OBJC_ISA_USAGE = YES_ERROR;
				CLANG_WARN_DOCUMENTATION_COMMENTS = YES;
				CLANG_WARN_EMPTY_BODY = YES;
				CLANG_WARN_ENUM_CONVERSION = YES;
				CLANG_WARN_INFINITE_RECURSION = YES;
				CLANG_WARN_INT_CONVERSION = YES;
				CLANG_WARN_NON_LITERAL_NULL_CONVERSION = YES;
				CLANG_WARN_OBJC_IMPLICIT_RETAIN_SELF = YES;
				CLANG_WARN_OBJC_LITERAL_CONVERSION = YES;
				CLANG_WARN_OBJC_ROOT_CLASS = YES_ERROR;
				CLANG_WARN_RANGE_LOOP_ANALYSIS = YES;
				CLANG_WARN_STRICT_PROTOTYPES = YES;
				CLANG_WARN_SUSPICIOUS_MOVE = YES;
				CLANG_WARN_UNGUARDED_AVAILABILITY = YES_AGGRESSIVE;
				CLANG_WARN_UNREACHABLE_CODE = YES;
				CLANG_WARN__DUPLICATE_METHOD_MATCH = YES;
				COPY_PHASE_STRIP = NO;
				DEBUG_INFORMATION_FORMAT = dwarf;
				ENABLE_STRICT_OBJC_MSGSEND = YES;
				ENABLE_TESTABILITY = YES;
				GCC_C_LANGUAGE_STANDARD = gnu11;
				GCC_DYNAMIC_NO_PIC = NO;
				GCC_NO_COMMON_BLOCKS = YES;
				GCC_OPTIMIZATION_LEVEL = 0;
				GCC_PREPROCESSOR_DEFINITIONS = (
					"DEBUG=1",
					"$(inherited)",
				);
				GCC_WARN_64_TO_32_BIT_CONVERSION = YES;
				GCC_WARN_ABOUT_RETURN_TYPE = YES_ERROR;
				GCC_WARN_UNDECLARED_SELECTOR = YES;
				GCC_WARN_UNINITIALIZED_AUTOS = YES_AGGRESSIVE;
				GCC_WARN_UNUSED_FUNCTION = YES;
				GCC_WARN_UNUSED_VARIABLE = YES;
				IPHONEOS_DEPLOYMENT_TARGET = 13.0;
				MTL_ENABLE_DEBUG_INFO = INCLUDE_SOURCE;
				MTL_FAST_MATH = YES;
				ONLY_ACTIVE_ARCH = YES;
				SDKROOT = iphoneos;
				SWIFT_ACTIVE_COMPILATION_CONDITIONS = DEBUG;
				SWIFT_OPTIMIZATION_LEVEL = "-Onone";
			};
			name = Debug;
		};
		54FE50A6234ACDF70014CB57 /* Release */ = {
			isa = XCBuildConfiguration;
			buildSettings = {
				ALWAYS_SEARCH_USER_PATHS = NO;
				CLANG_ANALYZER_NONNULL = YES;
				CLANG_ANALYZER_NUMBER_OBJECT_CONVERSION = YES_AGGRESSIVE;
				CLANG_CXX_LANGUAGE_STANDARD = "gnu++14";
				CLANG_CXX_LIBRARY = "libc++";
				CLANG_ENABLE_MODULES = YES;
				CLANG_ENABLE_OBJC_ARC = YES;
				CLANG_ENABLE_OBJC_WEAK = YES;
				CLANG_WARN_BLOCK_CAPTURE_AUTORELEASING = YES;
				CLANG_WARN_BOOL_CONVERSION = YES;
				CLANG_WARN_COMMA = YES;
				CLANG_WARN_CONSTANT_CONVERSION = YES;
				CLANG_WARN_DEPRECATED_OBJC_IMPLEMENTATIONS = YES;
				CLANG_WARN_DIRECT_OBJC_ISA_USAGE = YES_ERROR;
				CLANG_WARN_DOCUMENTATION_COMMENTS = YES;
				CLANG_WARN_EMPTY_BODY = YES;
				CLANG_WARN_ENUM_CONVERSION = YES;
				CLANG_WARN_INFINITE_RECURSION = YES;
				CLANG_WARN_INT_CONVERSION = YES;
				CLANG_WARN_NON_LITERAL_NULL_CONVERSION = YES;
				CLANG_WARN_OBJC_IMPLICIT_RETAIN_SELF = YES;
				CLANG_WARN_OBJC_LITERAL_CONVERSION = YES;
				CLANG_WARN_OBJC_ROOT_CLASS = YES_ERROR;
				CLANG_WARN_RANGE_LOOP_ANALYSIS = YES;
				CLANG_WARN_STRICT_PROTOTYPES = YES;
				CLANG_WARN_SUSPICIOUS_MOVE = YES;
				CLANG_WARN_UNGUARDED_AVAILABILITY = YES_AGGRESSIVE;
				CLANG_WARN_UNREACHABLE_CODE = YES;
				CLANG_WARN__DUPLICATE_METHOD_MATCH = YES;
				COPY_PHASE_STRIP = NO;
				DEBUG_INFORMATION_FORMAT = "dwarf-with-dsym";
				ENABLE_NS_ASSERTIONS = NO;
				ENABLE_STRICT_OBJC_MSGSEND = YES;
				GCC_C_LANGUAGE_STANDARD = gnu11;
				GCC_NO_COMMON_BLOCKS = YES;
				GCC_WARN_64_TO_32_BIT_CONVERSION = YES;
				GCC_WARN_ABOUT_RETURN_TYPE = YES_ERROR;
				GCC_WARN_UNDECLARED_SELECTOR = YES;
				GCC_WARN_UNINITIALIZED_AUTOS = YES_AGGRESSIVE;
				GCC_WARN_UNUSED_FUNCTION = YES;
				GCC_WARN_UNUSED_VARIABLE = YES;
				IPHONEOS_DEPLOYMENT_TARGET = 13.0;
				MTL_ENABLE_DEBUG_INFO = NO;
				MTL_FAST_MATH = YES;
				SDKROOT = iphoneos;
				SWIFT_COMPILATION_MODE = wholemodule;
				SWIFT_OPTIMIZATION_LEVEL = "-O";
				VALIDATE_PRODUCT = YES;
			};
			name = Release;
		};
		54FE50A8234ACDF70014CB57 /* Debug */ = {
			isa = XCBuildConfiguration;
			buildSettings = {
				ASSETCATALOG_COMPILER_APPICON_NAME = AppIcon;
				CODE_SIGN_STYLE = Automatic;
				CURRENT_PROJECT_VERSION = 1.0;
				DEVELOPMENT_TEAM = 6LCVZV3GCV;
				INFOPLIST_FILE = Cavisearch/Info.plist;
				IPHONEOS_DEPLOYMENT_TARGET = 13.0;
				LD_RUNPATH_SEARCH_PATHS = (
					"$(inherited)",
					"@executable_path/Frameworks",
				);
				MARKETING_VERSION = 1.0.1;
				PRODUCT_BUNDLE_IDENTIFIER = com.airii.Cavisearch2;
				PRODUCT_NAME = caviSearch;
				SWIFT_VERSION = 5.0;
				TARGETED_DEVICE_FAMILY = 1;
			};
			name = Debug;
		};
		54FE50A9234ACDF70014CB57 /* Release */ = {
			isa = XCBuildConfiguration;
			buildSettings = {
				ASSETCATALOG_COMPILER_APPICON_NAME = AppIcon;
				CODE_SIGN_STYLE = Automatic;
				CURRENT_PROJECT_VERSION = 1.0;
				DEVELOPMENT_TEAM = 6LCVZV3GCV;
				INFOPLIST_FILE = Cavisearch/Info.plist;
				IPHONEOS_DEPLOYMENT_TARGET = 13.0;
				LD_RUNPATH_SEARCH_PATHS = (
					"$(inherited)",
					"@executable_path/Frameworks",
				);
				MARKETING_VERSION = 1.0.1;
				PRODUCT_BUNDLE_IDENTIFIER = com.airii.Cavisearch2;
				PRODUCT_NAME = caviSearch;
				SWIFT_VERSION = 5.0;
				TARGETED_DEVICE_FAMILY = 1;
			};
			name = Release;
		};
/* End XCBuildConfiguration section */

/* Begin XCConfigurationList section */
		54FE508E234ACDF40014CB57 /* Build configuration list for PBXProject "Cavisearch" */ = {
			isa = XCConfigurationList;
			buildConfigurations = (
				54FE50A5234ACDF70014CB57 /* Debug */,
				54FE50A6234ACDF70014CB57 /* Release */,
			);
			defaultConfigurationIsVisible = 0;
			defaultConfigurationName = Release;
		};
		54FE50A7234ACDF70014CB57 /* Build configuration list for PBXNativeTarget "Cavisearch" */ = {
			isa = XCConfigurationList;
			buildConfigurations = (
				54FE50A8234ACDF70014CB57 /* Debug */,
				54FE50A9234ACDF70014CB57 /* Release */,
			);
			defaultConfigurationIsVisible = 0;
			defaultConfigurationName = Release;
		};
/* End XCConfigurationList section */
	};
	rootObject = 54FE508B234ACDF40014CB57 /* Project object */;
}
